// !$*UTF8*$!
{
	archiveVersion = 1;
	classes = {
	};
	objectVersion = 46;
	objects = {

/* Begin PBXBuildFile section */
		0B5BC11E1B7B11DA00ECC2A6 /* main.swift in Sources */ = {isa = PBXBuildFile; fileRef = 0B5BC11D1B7B11DA00ECC2A6 /* main.swift */; };
		0B5BC1251B7B11E600ECC2A6 /* NamedShape.swift in Sources */ = {isa = PBXBuildFile; fileRef = 0B5BC1241B7B11E600ECC2A6 /* NamedShape.swift */; };
		0B5BC1271B7B11F100ECC2A6 /* Square.swift in Sources */ = {isa = PBXBuildFile; fileRef = 0B5BC1261B7B11F100ECC2A6 /* Square.swift */; };
		0B5BC1291B7B12C700ECC2A6 /* Circle.swift in Sources */ = {isa = PBXBuildFile; fileRef = 0B5BC1281B7B12C700ECC2A6 /* Circle.swift */; };
/* End PBXBuildFile section */

/* Begin PBXCopyFilesBuildPhase section */
		0B5BC1181B7B11DA00ECC2A6 /* CopyFiles */ = {
			isa = PBXCopyFilesBuildPhase;
			buildActionMask = 2147483647;
			dstPath = /usr/share/man/man1/;
			dstSubfolderSpec = 0;
			files = (
			);
			runOnlyForDeploymentPostprocessing = 1;
		};
/* End PBXCopyFilesBuildPhase section */

/* Begin PBXFileReference section */
		0B5BC11A1B7B11DA00ECC2A6 /* Classes2 */ = {isa = PBXFileReference; explicitFileType = "compiled.mach-o.executable"; includeInIndex = 0; path = Classes2; sourceTree = BUILT_PRODUCTS_DIR; };
		0B5BC11D1B7B11DA00ECC2A6 /* main.swift */ = {isa = PBXFileReference; lastKnownFileType = sourcecode.swift; path = main.swift; sourceTree = "<group>"; };
		0B5BC1241B7B11E600ECC2A6 /* NamedShape.swift */ = {isa = PBXFileReference; fileEncoding = 4; lastKnownFileType = sourcecode.swift; path = NamedShape.swift; sourceTree = "<group>"; };
		0B5BC1261B7B11F100ECC2A6 /* Square.swift */ = {isa = PBXFileReference; fileEncoding = 4; lastKnownFileType = sourcecode.swift; path = Square.swift; sourceTree = "<group>"; };
		0B5BC1281B7B12C700ECC2A6 /* Circle.swift */ = {isa = PBXFileReference; fileEncoding = 4; lastKnownFileType = sourcecode.swift; path = Circle.swift; sourceTree = "<group>"; };
/* End PBXFileReference section */

/* Begin PBXFrameworksBuildPhase section */
		0B5BC1171B7B11DA00ECC2A6 /* Frameworks */ = {
			isa = PBXFrameworksBuildPhase;
			buildActionMask = 2147483647;
			files = (
			);
			runOnlyForDeploymentPostprocessing = 0;
		};
/* End PBXFrameworksBuildPhase section */

/* Begin PBXGroup section */
		0B5BC1111B7B11DA00ECC2A6 = {
			isa = PBXGroup;
			children = (
				0B5BC11C1B7B11DA00ECC2A6 /* Classes2 */,
				0B5BC11B1B7B11DA00ECC2A6 /* Products */,
			);
			sourceTree = "<group>";
		};
		0B5BC11B1B7B11DA00ECC2A6 /* Products */ = {
			isa = PBXGroup;
			children = (
				0B5BC11A1B7B11DA00ECC2A6 /* Classes2 */,
			);
			name = Products;
			sourceTree = "<group>";
		};
		0B5BC11C1B7B11DA00ECC2A6 /* Classes2 */ = {
			isa = PBXGroup;
			children = (
				0B5BC11D1B7B11DA00ECC2A6 /* main.swift */,
				0B5BC1281B7B12C700ECC2A6 /* Circle.swift */,
				0B5BC1261B7B11F100ECC2A6 /* Square.swift */,
				0B5BC1241B7B11E600ECC2A6 /* NamedShape.swift */,
			);
			path = Classes2;
			sourceTree = "<group>";
		};
/* End PBXGroup section */

/* Begin PBXNativeTarget section */
		0B5BC1191B7B11DA00ECC2A6 /* Classes2 */ = {
			isa = PBXNativeTarget;
			buildConfigurationList = 0B5BC1211B7B11DA00ECC2A6 /* Build configuration list for PBXNativeTarget "Classes2" */;
			buildPhases = (
				0B5BC1161B7B11DA00ECC2A6 /* Sources */,
				0B5BC1171B7B11DA00ECC2A6 /* Frameworks */,
				0B5BC1181B7B11DA00ECC2A6 /* CopyFiles */,
			);
			buildRules = (
			);
			dependencies = (
			);
			name = Classes2;
			productName = Classes2;
			productReference = 0B5BC11A1B7B11DA00ECC2A6 /* Classes2 */;
			productType = "com.apple.product-type.tool";
		};
/* End PBXNativeTarget section */

/* Begin PBXProject section */
		0B5BC1121B7B11DA00ECC2A6 /* Project object */ = {
			isa = PBXProject;
			attributes = {
				LastUpgradeCheck = 0700;
				ORGANIZATIONNAME = "Angel Ricardo";
				TargetAttributes = {
					0B5BC1191B7B11DA00ECC2A6 = {
						CreatedOnToolsVersion = 7.0;
					};
				};
			};
			buildConfigurationList = 0B5BC1151B7B11DA00ECC2A6 /* Build configuration list for PBXProject "Classes2" */;
			compatibilityVersion = "Xcode 3.2";
			developmentRegion = English;
			hasScannedForEncodings = 0;
			knownRegions = (
				en,
			);
			mainGroup = 0B5BC1111B7B11DA00ECC2A6;
			productRefGroup = 0B5BC11B1B7B11DA00ECC2A6 /* Products */;
			projectDirPath = "";
			projectRoot = "";
			targets = (
				0B5BC1191B7B11DA00ECC2A6 /* Classes2 */,
			);
		};
/* End PBXProject section */

/* Begin PBXSourcesBuildPhase section */
		0B5BC1161B7B11DA00ECC2A6 /* Sources */ = {
			isa = PBXSourcesBuildPhase;
			buildActionMask = 2147483647;
			files = (
				0B5BC1271B7B11F100ECC2A6 /* Square.swift in Sources */,
				0B5BC1291B7B12C700ECC2A6 /* Circle.swift in Sources */,
				0B5BC11E1B7B11DA00ECC2A6 /* main.swift in Sources */,
				0B5BC1251B7B11E600ECC2A6 /* NamedShape.swift in Sources */,
			);
			runOnlyForDeploymentPostprocessing = 0;
		};
/* End PBXSourcesBuildPhase section */

/* Begin XCBuildConfiguration section */
		0B5BC11F1B7B11DA00ECC2A6 /* Debug */ = {
			isa = XCBuildConfiguration;
			buildSettings = {
				ALWAYS_SEARCH_USER_PATHS = NO;
				CLANG_CXX_LANGUAGE_STANDARD = "gnu++0x";
				CLANG_CXX_LIBRARY = "libc++";
				CLANG_ENABLE_MODULES = YES;
				CLANG_ENABLE_OBJC_ARC = YES;
				CLANG_WARN_BOOL_CONVERSION = YES;
				CLANG_WARN_CONSTANT_CONVERSION = YES;
				CLANG_WARN_DIRECT_OBJC_ISA_USAGE = YES_ERROR;
				CLANG_WARN_EMPTY_BODY = YES;
				CLANG_WARN_ENUM_CONVERSION = YES;
				CLANG_WARN_INT_CONVERSION = YES;
				CLANG_WARN_OBJC_ROOT_CLASS = YES_ERROR;
				CLANG_WARN_UNREACHABLE_CODE = YES;
				CLANG_WARN__DUPLICATE_METHOD_MATCH = YES;
				COPY_PHASE_STRIP = NO;
				DEBUG_INFORMATION_FORMAT = dwarf;
				ENABLE_STRICT_OBJC_MSGSEND = YES;
				ENABLE_TESTABILITY = YES;
				GCC_C_LANGUAGE_STANDARD = gnu99;
				GCC_DYNAMIC_NO_PIC = NO;
				GCC_NO_COMMON_BLOCKS = YES;
				GCC_OPTIMIZATION_LEVEL = 0;
				GCC_PREPROCESSOR_DEFINITIONS = (
					"DEBUG=1",
					"$(inherited)",
				);
				GCC_WARN_64_TO_32_BIT_CONVERSION = YES;
				GCC_WARN_ABOUT_RETURN_TYPE = YES_ERROR;
				GCC_WARN_UNDECLARED_SELECTOR = YES;
				GCC_WARN_UNINITIALIZED_AUTOS = YES_AGGRESSIVE;
				GCC_WARN_UNUSED_FUNCTION = YES;
				GCC_WARN_UNUSED_VARIABLE = YES;
				MACOSX_DEPLOYMENT_TARGET = 10.10;
				MTL_ENABLE_DEBUG_INFO = YES;
				ONLY_ACTIVE_ARCH = YES;
				SDKROOT = macosx;
				SWIFT_OPTIMIZATION_LEVEL = "-Onone";
			};
			name = Debug;
		};
		0B5BC1201B7B11DA00ECC2A6 /* Release */ = {
			isa = XCBuildConfiguration;
			buildSettings = {
				ALWAYS_SEARCH_USER_PATHS = NO;
				CLANG_CXX_LANGUAGE_STANDARD = "gnu++0x";
				CLANG_CXX_LIBRARY = "libc++";
				CLANG_ENABLE_MODULES = YES;
				CLANG_ENABLE_OBJC_ARC = YES;
				CLANG_WARN_BOOL_CONVERSION = YES;
				CLANG_WARN_CONSTANT_CONVERSION = YES;
				CLANG_WARN_DIRECT_OBJC_ISA_USAGE = YES_ERROR;
				CLANG_WARN_EMPTY_BODY = YES;
				CLANG_WARN_ENUM_CONVERSION = YES;
				CLANG_WARN_INT_CONVERSION = YES;
				CLANG_WARN_OBJC_ROOT_CLASS = YES_ERROR;
				CLANG_WARN_UNREACHABLE_CODE = YES;
				CLANG_WARN__DUPLICATE_METHOD_MATCH = YES;
				COPY_PHASE_STRIP = NO;
				DEBUG_INFORMATION_FORMAT = "dwarf-with-dsym";
				ENABLE_NS_ASSERTIONS = NO;
				ENABLE_STRICT_OBJC_MSGSEND = YES;
				GCC_C_LANGUAGE_STANDARD = gnu99;
				GCC_NO_COMMON_BLOCKS = YES;
				GCC_WARN_64_TO_32_BIT_CONVERSION = YES;
				GCC_WARN_ABOUT_RETURN_TYPE = YES_ERROR;
				GCC_WARN_UNDECLARED_SELECTOR = YES;
				GCC_WARN_UNINITIALIZED_AUTOS = YES_AGGRESSIVE;
				GCC_WARN_UNUSED_FUNCTION = YES;
				GCC_WARN_UNUSED_VARIABLE = YES;
				MACOSX_DEPLOYMENT_TARGET = 10.10;
				MTL_ENABLE_DEBUG_INFO = NO;
				SDKROOT = macosx;
			};
			name = Release;
		};
		0B5BC1221B7B11DA00ECC2A6 /* Debug */ = {
			isa = XCBuildConfiguration;
			buildSettings = {
				PRODUCT_NAME = "$(TARGET_NAME)";
			};
			name = Debug;
		};
		0B5BC1231B7B11DA00ECC2A6 /* Release */ = {
			isa = XCBuildConfiguration;
			buildSettings = {
				PRODUCT_NAME = "$(TARGET_NAME)";
			};
			name = Release;
		};
/* End XCBuildConfiguration section */

/* Begin XCConfigurationList section */
		0B5BC1151B7B11DA00ECC2A6 /* Build configuration list for PBXProject "Classes2" */ = {
			isa = XCConfigurationList;
			buildConfigurations = (
				0B5BC11F1B7B11DA00ECC2A6 /* Debug */,
				0B5BC1201B7B11DA00ECC2A6 /* Release */,
			);
			defaultConfigurationIsVisible = 0;
			defaultConfigurationName = Release;
		};
		0B5BC1211B7B11DA00ECC2A6 /* Build configuration list for PBXNativeTarget "Classes2" */ = {
			isa = XCConfigurationList;
			buildConfigurations = (
				0B5BC1221B7B11DA00ECC2A6 /* Debug */,
				0B5BC1231B7B11DA00ECC2A6 /* Release */,
			);
			defaultConfigurationIsVisible = 0;
		};
/* End XCConfigurationList section */
	};
	rootObject = 0B5BC1121B7B11DA00ECC2A6 /* Project object */;
}
