// !$*UTF8*$!
{
	archiveVersion = 1;
	classes = {
	};
	objectVersion = 46;
	objects = {

/* Begin PBXBuildFile section */
		0B991C081981999500F63B2D /* main.swift in Sources */ = {isa = PBXBuildFile; fileRef = 0B991C071981999500F63B2D /* main.swift */; };
		0B991C0F198199AE00F63B2D /* Rank.swift in Sources */ = {isa = PBXBuildFile; fileRef = 0B991C0E198199AE00F63B2D /* Rank.swift */; };
		0B991C1119819CC200F63B2D /* Suit.swift in Sources */ = {isa = PBXBuildFile; fileRef = 0B991C1019819CC200F63B2D /* Suit.swift */; };
		0B991C1319819E3E00F63B2D /* Card.swift in Sources */ = {isa = PBXBuildFile; fileRef = 0B991C1219819E3E00F63B2D /* Card.swift */; };
/* End PBXBuildFile section */

/* Begin PBXCopyFilesBuildPhase section */
		0B991C021981999500F63B2D /* CopyFiles */ = {
			isa = PBXCopyFilesBuildPhase;
			buildActionMask = 2147483647;
			dstPath = /usr/share/man/man1/;
			dstSubfolderSpec = 0;
			files = (
			);
			runOnlyForDeploymentPostprocessing = 1;
		};
/* End PBXCopyFilesBuildPhase section */

/* Begin PBXFileReference section */
		0B991C041981999500F63B2D /* Enums */ = {isa = PBXFileReference; explicitFileType = "compiled.mach-o.executable"; includeInIndex = 0; path = Enums; sourceTree = BUILT_PRODUCTS_DIR; };
		0B991C071981999500F63B2D /* main.swift */ = {isa = PBXFileReference; lastKnownFileType = sourcecode.swift; path = main.swift; sourceTree = "<group>"; };
		0B991C0E198199AE00F63B2D /* Rank.swift */ = {isa = PBXFileReference; fileEncoding = 4; lastKnownFileType = sourcecode.swift; path = Rank.swift; sourceTree = "<group>"; };
		0B991C1019819CC200F63B2D /* Suit.swift */ = {isa = PBXFileReference; fileEncoding = 4; lastKnownFileType = sourcecode.swift; path = Suit.swift; sourceTree = "<group>"; };
		0B991C1219819E3E00F63B2D /* Card.swift */ = {isa = PBXFileReference; fileEncoding = 4; lastKnownFileType = sourcecode.swift; path = Card.swift; sourceTree = "<group>"; };
/* End PBXFileReference section */

/* Begin PBXFrameworksBuildPhase section */
		0B991C011981999500F63B2D /* Frameworks */ = {
			isa = PBXFrameworksBuildPhase;
			buildActionMask = 2147483647;
			files = (
			);
			runOnlyForDeploymentPostprocessing = 0;
		};
/* End PBXFrameworksBuildPhase section */

/* Begin PBXGroup section */
		0B991BFB1981999500F63B2D = {
			isa = PBXGroup;
			children = (
				0B991C061981999500F63B2D /* Enums */,
				0B991C051981999500F63B2D /* Products */,
			);
			sourceTree = "<group>";
		};
		0B991C051981999500F63B2D /* Products */ = {
			isa = PBXGroup;
			children = (
				0B991C041981999500F63B2D /* Enums */,
			);
			name = Products;
			sourceTree = "<group>";
		};
		0B991C061981999500F63B2D /* Enums */ = {
			isa = PBXGroup;
			children = (
				0B991C071981999500F63B2D /* main.swift */,
				0B991C1219819E3E00F63B2D /* Card.swift */,
				0B991C0E198199AE00F63B2D /* Rank.swift */,
				0B991C1019819CC200F63B2D /* Suit.swift */,
			);
			path = Enums;
			sourceTree = "<group>";
		};
/* End PBXGroup section */

/* Begin PBXNativeTarget section */
		0B991C031981999500F63B2D /* Enums */ = {
			isa = PBXNativeTarget;
			buildConfigurationList = 0B991C0B1981999500F63B2D /* Build configuration list for PBXNativeTarget "Enums" */;
			buildPhases = (
				0B991C001981999500F63B2D /* Sources */,
				0B991C011981999500F63B2D /* Frameworks */,
				0B991C021981999500F63B2D /* CopyFiles */,
			);
			buildRules = (
			);
			dependencies = (
			);
			name = Enums;
			productName = Enums;
			productReference = 0B991C041981999500F63B2D /* Enums */;
			productType = "com.apple.product-type.tool";
		};
/* End PBXNativeTarget section */

/* Begin PBXProject section */
		0B991BFC1981999500F63B2D /* Project object */ = {
			isa = PBXProject;
			attributes = {
				LastUpgradeCheck = 0600;
				ORGANIZATIONNAME = "Angel Ricardo";
				TargetAttributes = {
					0B991C031981999500F63B2D = {
						CreatedOnToolsVersion = 6.0;
					};
				};
			};
			buildConfigurationList = 0B991BFF1981999500F63B2D /* Build configuration list for PBXProject "Enums" */;
			compatibilityVersion = "Xcode 3.2";
			developmentRegion = English;
			hasScannedForEncodings = 0;
			knownRegions = (
				en,
			);
			mainGroup = 0B991BFB1981999500F63B2D;
			productRefGroup = 0B991C051981999500F63B2D /* Products */;
			projectDirPath = "";
			projectRoot = "";
			targets = (
				0B991C031981999500F63B2D /* Enums */,
			);
		};
/* End PBXProject section */

/* Begin PBXSourcesBuildPhase section */
		0B991C001981999500F63B2D /* Sources */ = {
			isa = PBXSourcesBuildPhase;
			buildActionMask = 2147483647;
			files = (
				0B991C081981999500F63B2D /* main.swift in Sources */,
				0B991C1119819CC200F63B2D /* Suit.swift in Sources */,
				0B991C0F198199AE00F63B2D /* Rank.swift in Sources */,
				0B991C1319819E3E00F63B2D /* Card.swift in Sources */,
			);
			runOnlyForDeploymentPostprocessing = 0;
		};
/* End PBXSourcesBuildPhase section */

/* Begin XCBuildConfiguration section */
		0B991C091981999500F63B2D /* Debug */ = {
			isa = XCBuildConfiguration;
			buildSettings = {
				ALWAYS_SEARCH_USER_PATHS = NO;
				CLANG_CXX_LANGUAGE_STANDARD = "gnu++0x";
				CLANG_CXX_LIBRARY = "libc++";
				CLANG_ENABLE_MODULES = YES;
				CLANG_ENABLE_OBJC_ARC = YES;
				CLANG_WARN_BOOL_CONVERSION = YES;
				CLANG_WARN_CONSTANT_CONVERSION = YES;
				CLANG_WARN_DIRECT_OBJC_ISA_USAGE = YES_ERROR;
				CLANG_WARN_EMPTY_BODY = YES;
				CLANG_WARN_ENUM_CONVERSION = YES;
				CLANG_WARN_INT_CONVERSION = YES;
				CLANG_WARN_OBJC_ROOT_CLASS = YES_ERROR;
				CLANG_WARN_UNREACHABLE_CODE = YES;
				CLANG_WARN__DUPLICATE_METHOD_MATCH = YES;
				COPY_PHASE_STRIP = NO;
				ENABLE_STRICT_OBJC_MSGSEND = YES;
				GCC_C_LANGUAGE_STANDARD = gnu99;
				GCC_DYNAMIC_NO_PIC = NO;
				GCC_OPTIMIZATION_LEVEL = 0;
				GCC_PREPROCESSOR_DEFINITIONS = (
					"DEBUG=1",
					"$(inherited)",
				);
				GCC_SYMBOLS_PRIVATE_EXTERN = NO;
				GCC_WARN_64_TO_32_BIT_CONVERSION = YES;
				GCC_WARN_ABOUT_RETURN_TYPE = YES_ERROR;
				GCC_WARN_UNDECLARED_SELECTOR = YES;
				GCC_WARN_UNINITIALIZED_AUTOS = YES_AGGRESSIVE;
				GCC_WARN_UNUSED_FUNCTION = YES;
				GCC_WARN_UNUSED_VARIABLE = YES;
				MACOSX_DEPLOYMENT_TARGET = 10.9;
				METAL_ENABLE_DEBUG_INFO = YES;
				ONLY_ACTIVE_ARCH = YES;
				SDKROOT = macosx;
				SWIFT_OPTIMIZATION_LEVEL = "-Onone";
			};
			name = Debug;
		};
		0B991C0A1981999500F63B2D /* Release */ = {
			isa = XCBuildConfiguration;
			buildSettings = {
				ALWAYS_SEARCH_USER_PATHS = NO;
				CLANG_CXX_LANGUAGE_STANDARD = "gnu++0x";
				CLANG_CXX_LIBRARY = "libc++";
				CLANG_ENABLE_MODULES = YES;
				CLANG_ENABLE_OBJC_ARC = YES;
				CLANG_WARN_BOOL_CONVERSION = YES;
				CLANG_WARN_CONSTANT_CONVERSION = YES;
				CLANG_WARN_DIRECT_OBJC_ISA_USAGE = YES_ERROR;
				CLANG_WARN_EMPTY_BODY = YES;
				CLANG_WARN_ENUM_CONVERSION = YES;
				CLANG_WARN_INT_CONVERSION = YES;
				CLANG_WARN_OBJC_ROOT_CLASS = YES_ERROR;
				CLANG_WARN_UNREACHABLE_CODE = YES;
				CLANG_WARN__DUPLICATE_METHOD_MATCH = YES;
				COPY_PHASE_STRIP = YES;
				DEBUG_INFORMATION_FORMAT = "dwarf-with-dsym";
				ENABLE_NS_ASSERTIONS = NO;
				ENABLE_STRICT_OBJC_MSGSEND = YES;
				GCC_C_LANGUAGE_STANDARD = gnu99;
				GCC_WARN_64_TO_32_BIT_CONVERSION = YES;
				GCC_WARN_ABOUT_RETURN_TYPE = YES_ERROR;
				GCC_WARN_UNDECLARED_SELECTOR = YES;
				GCC_WARN_UNINITIALIZED_AUTOS = YES_AGGRESSIVE;
				GCC_WARN_UNUSED_FUNCTION = YES;
				GCC_WARN_UNUSED_VARIABLE = YES;
				MACOSX_DEPLOYMENT_TARGET = 10.9;
				METAL_ENABLE_DEBUG_INFO = NO;
				SDKROOT = macosx;
			};
			name = Release;
		};
		0B991C0C1981999500F63B2D /* Debug */ = {
			isa = XCBuildConfiguration;
			buildSettings = {
				PRODUCT_NAME = "$(TARGET_NAME)";
			};
			name = Debug;
		};
		0B991C0D1981999500F63B2D /* Release */ = {
			isa = XCBuildConfiguration;
			buildSettings = {
				PRODUCT_NAME = "$(TARGET_NAME)";
			};
			name = Release;
		};
/* End XCBuildConfiguration section */

/* Begin XCConfigurationList section */
		0B991BFF1981999500F63B2D /* Build configuration list for PBXProject "Enums" */ = {
			isa = XCConfigurationList;
			buildConfigurations = (
				0B991C091981999500F63B2D /* Debug */,
				0B991C0A1981999500F63B2D /* Release */,
			);
			defaultConfigurationIsVisible = 0;
			defaultConfigurationName = Release;
		};
		0B991C0B1981999500F63B2D /* Build configuration list for PBXNativeTarget "Enums" */ = {
			isa = XCConfigurationList;
			buildConfigurations = (
				0B991C0C1981999500F63B2D /* Debug */,
				0B991C0D1981999500F63B2D /* Release */,
			);
			defaultConfigurationIsVisible = 0;
		};
/* End XCConfigurationList section */
	};
	rootObject = 0B991BFC1981999500F63B2D /* Project object */;
}
