// !$*UTF8*$!
{
	archiveVersion = 1;
	classes = {
	};
	objectVersion = 46;
	objects = {

/* Begin PBXBuildFile section */
		0B69E4A21B97D2E100A44507 /* main.swift in Sources */ = {isa = PBXBuildFile; fileRef = 0B69E4A11B97D2E100A44507 /* main.swift */; };
/* End PBXBuildFile section */

/* Begin PBXCopyFilesBuildPhase section */
		0B69E49C1B97D2E100A44507 /* CopyFiles */ = {
			isa = PBXCopyFilesBuildPhase;
			buildActionMask = 2147483647;
			dstPath = /usr/share/man/man1/;
			dstSubfolderSpec = 0;
			files = (
			);
			runOnlyForDeploymentPostprocessing = 1;
		};
/* End PBXCopyFilesBuildPhase section */

/* Begin PBXFileReference section */
		0B69E49E1B97D2E100A44507 /* NestedFunctions&ExternalParameterNames */ = {isa = PBXFileReference; explicitFileType = "compiled.mach-o.executable"; includeInIndex = 0; path = "NestedFunctions&ExternalParameterNames"; sourceTree = BUILT_PRODUCTS_DIR; };
		0B69E4A11B97D2E100A44507 /* main.swift */ = {isa = PBXFileReference; lastKnownFileType = sourcecode.swift; path = main.swift; sourceTree = "<group>"; };
/* End PBXFileReference section */

/* Begin PBXFrameworksBuildPhase section */
		0B69E49B1B97D2E100A44507 /* Frameworks */ = {
			isa = PBXFrameworksBuildPhase;
			buildActionMask = 2147483647;
			files = (
			);
			runOnlyForDeploymentPostprocessing = 0;
		};
/* End PBXFrameworksBuildPhase section */

/* Begin PBXGroup section */
		0B69E4951B97D2E100A44507 = {
			isa = PBXGroup;
			children = (
				0B69E4A01B97D2E100A44507 /* NestedFunctions */,
				0B69E49F1B97D2E100A44507 /* Products */,
			);
			sourceTree = "<group>";
		};
		0B69E49F1B97D2E100A44507 /* Products */ = {
			isa = PBXGroup;
			children = (
				0B69E49E1B97D2E100A44507 /* NestedFunctions&ExternalParameterNames */,
			);
			name = Products;
			sourceTree = "<group>";
		};
		0B69E4A01B97D2E100A44507 /* NestedFunctions */ = {
			isa = PBXGroup;
			children = (
				0B69E4A11B97D2E100A44507 /* main.swift */,
			);
			path = NestedFunctions;
			sourceTree = "<group>";
		};
/* End PBXGroup section */

/* Begin PBXNativeTarget section */
		0B69E49D1B97D2E100A44507 /* NestedFunctions&ExternalParameterNames */ = {
			isa = PBXNativeTarget;
			buildConfigurationList = 0B69E4A51B97D2E100A44507 /* Build configuration list for PBXNativeTarget "NestedFunctions&ExternalParameterNames" */;
			buildPhases = (
				0B69E49A1B97D2E100A44507 /* Sources */,
				0B69E49B1B97D2E100A44507 /* Frameworks */,
				0B69E49C1B97D2E100A44507 /* CopyFiles */,
			);
			buildRules = (
			);
			dependencies = (
			);
			name = "NestedFunctions&ExternalParameterNames";
			productName = NestedFunctions;
			productReference = 0B69E49E1B97D2E100A44507 /* NestedFunctions&ExternalParameterNames */;
			productType = "com.apple.product-type.tool";
		};
/* End PBXNativeTarget section */

/* Begin PBXProject section */
		0B69E4961B97D2E100A44507 /* Project object */ = {
			isa = PBXProject;
			attributes = {
				LastUpgradeCheck = 0640;
				ORGANIZATIONNAME = "Angel Ricardo";
				TargetAttributes = {
					0B69E49D1B97D2E100A44507 = {
						CreatedOnToolsVersion = 6.4;
					};
				};
			};
			buildConfigurationList = 0B69E4991B97D2E100A44507 /* Build configuration list for PBXProject "NestedFunctions&ExternalParameterNames" */;
			compatibilityVersion = "Xcode 3.2";
			developmentRegion = English;
			hasScannedForEncodings = 0;
			knownRegions = (
				en,
			);
			mainGroup = 0B69E4951B97D2E100A44507;
			productRefGroup = 0B69E49F1B97D2E100A44507 /* Products */;
			projectDirPath = "";
			projectRoot = "";
			targets = (
				0B69E49D1B97D2E100A44507 /* NestedFunctions&ExternalParameterNames */,
			);
		};
/* End PBXProject section */

/* Begin PBXSourcesBuildPhase section */
		0B69E49A1B97D2E100A44507 /* Sources */ = {
			isa = PBXSourcesBuildPhase;
			buildActionMask = 2147483647;
			files = (
				0B69E4A21B97D2E100A44507 /* main.swift in Sources */,
			);
			runOnlyForDeploymentPostprocessing = 0;
		};
/* End PBXSourcesBuildPhase section */

/* Begin XCBuildConfiguration section */
		0B69E4A31B97D2E100A44507 /* Debug */ = {
			isa = XCBuildConfiguration;
			buildSettings = {
				ALWAYS_SEARCH_USER_PATHS = NO;
				CLANG_CXX_LANGUAGE_STANDARD = "gnu++0x";
				CLANG_CXX_LIBRARY = "libc++";
				CLANG_ENABLE_MODULES = YES;
				CLANG_ENABLE_OBJC_ARC = YES;
				CLANG_WARN_BOOL_CONVERSION = YES;
				CLANG_WARN_CONSTANT_CONVERSION = YES;
				CLANG_WARN_DIRECT_OBJC_ISA_USAGE = YES_ERROR;
				CLANG_WARN_EMPTY_BODY = YES;
				CLANG_WARN_ENUM_CONVERSION = YES;
				CLANG_WARN_INT_CONVERSION = YES;
				CLANG_WARN_OBJC_ROOT_CLASS = YES_ERROR;
				CLANG_WARN_UNREACHABLE_CODE = YES;
				CLANG_WARN__DUPLICATE_METHOD_MATCH = YES;
				COPY_PHASE_STRIP = NO;
				DEBUG_INFORMATION_FORMAT = dwarf;
				ENABLE_STRICT_OBJC_MSGSEND = YES;
				GCC_C_LANGUAGE_STANDARD = gnu99;
				GCC_DYNAMIC_NO_PIC = NO;
				GCC_NO_COMMON_BLOCKS = YES;
				GCC_OPTIMIZATION_LEVEL = 0;
				GCC_PREPROCESSOR_DEFINITIONS = (
					"DEBUG=1",
					"$(inherited)",
				);
				GCC_SYMBOLS_PRIVATE_EXTERN = NO;
				GCC_WARN_64_TO_32_BIT_CONVERSION = YES;
				GCC_WARN_ABOUT_RETURN_TYPE = YES_ERROR;
				GCC_WARN_UNDECLARED_SELECTOR = YES;
				GCC_WARN_UNINITIALIZED_AUTOS = YES_AGGRESSIVE;
				GCC_WARN_UNUSED_FUNCTION = YES;
				GCC_WARN_UNUSED_VARIABLE = YES;
				MACOSX_DEPLOYMENT_TARGET = 10.10;
				MTL_ENABLE_DEBUG_INFO = YES;
				ONLY_ACTIVE_ARCH = YES;
				SDKROOT = macosx;
				SWIFT_OPTIMIZATION_LEVEL = "-Onone";
			};
			name = Debug;
		};
		0B69E4A41B97D2E100A44507 /* Release */ = {
			isa = XCBuildConfiguration;
			buildSettings = {
				ALWAYS_SEARCH_USER_PATHS = NO;
				CLANG_CXX_LANGUAGE_STANDARD = "gnu++0x";
				CLANG_CXX_LIBRARY = "libc++";
				CLANG_ENABLE_MODULES = YES;
				CLANG_ENABLE_OBJC_ARC = YES;
				CLANG_WARN_BOOL_CONVERSION = YES;
				CLANG_WARN_CONSTANT_CONVERSION = YES;
				CLANG_WARN_DIRECT_OBJC_ISA_USAGE = YES_ERROR;
				CLANG_WARN_EMPTY_BODY = YES;
				CLANG_WARN_ENUM_CONVERSION = YES;
				CLANG_WARN_INT_CONVERSION = YES;
				CLANG_WARN_OBJC_ROOT_CLASS = YES_ERROR;
				CLANG_WARN_UNREACHABLE_CODE = YES;
				CLANG_WARN__DUPLICATE_METHOD_MATCH = YES;
				COPY_PHASE_STRIP = NO;
				DEBUG_INFORMATION_FORMAT = "dwarf-with-dsym";
				ENABLE_NS_ASSERTIONS = NO;
				ENABLE_STRICT_OBJC_MSGSEND = YES;
				GCC_C_LANGUAGE_STANDARD = gnu99;
				GCC_NO_COMMON_BLOCKS = YES;
				GCC_WARN_64_TO_32_BIT_CONVERSION = YES;
				GCC_WARN_ABOUT_RETURN_TYPE = YES_ERROR;
				GCC_WARN_UNDECLARED_SELECTOR = YES;
				GCC_WARN_UNINITIALIZED_AUTOS = YES_AGGRESSIVE;
				GCC_WARN_UNUSED_FUNCTION = YES;
				GCC_WARN_UNUSED_VARIABLE = YES;
				MACOSX_DEPLOYMENT_TARGET = 10.10;
				MTL_ENABLE_DEBUG_INFO = NO;
				SDKROOT = macosx;
			};
			name = Release;
		};
		0B69E4A61B97D2E100A44507 /* Debug */ = {
			isa = XCBuildConfiguration;
			buildSettings = {
				PRODUCT_NAME = "NestedFunctions&ExternalParameterNames";
			};
			name = Debug;
		};
		0B69E4A71B97D2E100A44507 /* Release */ = {
			isa = XCBuildConfiguration;
			buildSettings = {
				PRODUCT_NAME = "NestedFunctions&ExternalParameterNames";
			};
			name = Release;
		};
/* End XCBuildConfiguration section */

/* Begin XCConfigurationList section */
		0B69E4991B97D2E100A44507 /* Build configuration list for PBXProject "NestedFunctions&ExternalParameterNames" */ = {
			isa = XCConfigurationList;
			buildConfigurations = (
				0B69E4A31B97D2E100A44507 /* Debug */,
				0B69E4A41B97D2E100A44507 /* Release */,
			);
			defaultConfigurationIsVisible = 0;
			defaultConfigurationName = Release;
		};
		0B69E4A51B97D2E100A44507 /* Build configuration list for PBXNativeTarget "NestedFunctions&ExternalParameterNames" */ = {
			isa = XCConfigurationList;
			buildConfigurations = (
				0B69E4A61B97D2E100A44507 /* Debug */,
				0B69E4A71B97D2E100A44507 /* Release */,
			);
			defaultConfigurationIsVisible = 0;
		};
/* End XCConfigurationList section */
	};
	rootObject = 0B69E4961B97D2E100A44507 /* Project object */;
}
