// !$*UTF8*$!
{
	archiveVersion = 1;
	classes = {
	};
	objectVersion = 46;
	objects = {

/* Begin PBXBuildFile section */
		0BBE107B1BD0408B008B8E1C /* main.swift in Sources */ = {isa = PBXBuildFile; fileRef = 0BBE107A1BD0408B008B8E1C /* main.swift */; };
/* End PBXBuildFile section */

/* Begin PBXCopyFilesBuildPhase section */
		0BBE10751BD0408B008B8E1C /* CopyFiles */ = {
			isa = PBXCopyFilesBuildPhase;
			buildActionMask = 2147483647;
			dstPath = /usr/share/man/man1/;
			dstSubfolderSpec = 0;
			files = (
			);
			runOnlyForDeploymentPostprocessing = 1;
		};
/* End PBXCopyFilesBuildPhase section */

/* Begin PBXFileReference section */
		0BBE10771BD0408B008B8E1C /* NSDateOperatorOverloading */ = {isa = PBXFileReference; explicitFileType = "compiled.mach-o.executable"; includeInIndex = 0; path = NSDateOperatorOverloading; sourceTree = BUILT_PRODUCTS_DIR; };
		0BBE107A1BD0408B008B8E1C /* main.swift */ = {isa = PBXFileReference; lastKnownFileType = sourcecode.swift; path = main.swift; sourceTree = "<group>"; };
		0BBE10811BD04096008B8E1C /* MyPlayground.playground */ = {isa = PBXFileReference; lastKnownFileType = file.playground; path = MyPlayground.playground; sourceTree = "<group>"; };
/* End PBXFileReference section */

/* Begin PBXFrameworksBuildPhase section */
		0BBE10741BD0408B008B8E1C /* Frameworks */ = {
			isa = PBXFrameworksBuildPhase;
			buildActionMask = 2147483647;
			files = (
			);
			runOnlyForDeploymentPostprocessing = 0;
		};
/* End PBXFrameworksBuildPhase section */

/* Begin PBXGroup section */
		0BBE106E1BD0408B008B8E1C = {
			isa = PBXGroup;
			children = (
				0BBE10791BD0408B008B8E1C /* NSDateOperatorOverloading */,
				0BBE10781BD0408B008B8E1C /* Products */,
			);
			sourceTree = "<group>";
		};
		0BBE10781BD0408B008B8E1C /* Products */ = {
			isa = PBXGroup;
			children = (
				0BBE10771BD0408B008B8E1C /* NSDateOperatorOverloading */,
			);
			name = Products;
			sourceTree = "<group>";
		};
		0BBE10791BD0408B008B8E1C /* NSDateOperatorOverloading */ = {
			isa = PBXGroup;
			children = (
				0BBE107A1BD0408B008B8E1C /* main.swift */,
				0BBE10811BD04096008B8E1C /* MyPlayground.playground */,
			);
			path = NSDateOperatorOverloading;
			sourceTree = "<group>";
		};
/* End PBXGroup section */

/* Begin PBXNativeTarget section */
		0BBE10761BD0408B008B8E1C /* NSDateOperatorOverloading */ = {
			isa = PBXNativeTarget;
			buildConfigurationList = 0BBE107E1BD0408B008B8E1C /* Build configuration list for PBXNativeTarget "NSDateOperatorOverloading" */;
			buildPhases = (
				0BBE10731BD0408B008B8E1C /* Sources */,
				0BBE10741BD0408B008B8E1C /* Frameworks */,
				0BBE10751BD0408B008B8E1C /* CopyFiles */,
			);
			buildRules = (
			);
			dependencies = (
			);
			name = NSDateOperatorOverloading;
			productName = NSDateOperatorOverloading;
			productReference = 0BBE10771BD0408B008B8E1C /* NSDateOperatorOverloading */;
			productType = "com.apple.product-type.tool";
		};
/* End PBXNativeTarget section */

/* Begin PBXProject section */
		0BBE106F1BD0408B008B8E1C /* Project object */ = {
			isa = PBXProject;
			attributes = {
				LastUpgradeCheck = 0700;
				ORGANIZATIONNAME = "Angel Ricardo";
				TargetAttributes = {
					0BBE10761BD0408B008B8E1C = {
						CreatedOnToolsVersion = 7.0;
					};
				};
			};
			buildConfigurationList = 0BBE10721BD0408B008B8E1C /* Build configuration list for PBXProject "NSDateOperatorOverloading" */;
			compatibilityVersion = "Xcode 3.2";
			developmentRegion = English;
			hasScannedForEncodings = 0;
			knownRegions = (
				en,
			);
			mainGroup = 0BBE106E1BD0408B008B8E1C;
			productRefGroup = 0BBE10781BD0408B008B8E1C /* Products */;
			projectDirPath = "";
			projectRoot = "";
			targets = (
				0BBE10761BD0408B008B8E1C /* NSDateOperatorOverloading */,
			);
		};
/* End PBXProject section */

/* Begin PBXSourcesBuildPhase section */
		0BBE10731BD0408B008B8E1C /* Sources */ = {
			isa = PBXSourcesBuildPhase;
			buildActionMask = 2147483647;
			files = (
				0BBE107B1BD0408B008B8E1C /* main.swift in Sources */,
			);
			runOnlyForDeploymentPostprocessing = 0;
		};
/* End PBXSourcesBuildPhase section */

/* Begin XCBuildConfiguration section */
		0BBE107C1BD0408B008B8E1C /* Debug */ = {
			isa = XCBuildConfiguration;
			buildSettings = {
				ALWAYS_SEARCH_USER_PATHS = NO;
				CLANG_CXX_LANGUAGE_STANDARD = "gnu++0x";
				CLANG_CXX_LIBRARY = "libc++";
				CLANG_ENABLE_MODULES = YES;
				CLANG_ENABLE_OBJC_ARC = YES;
				CLANG_WARN_BOOL_CONVERSION = YES;
				CLANG_WARN_CONSTANT_CONVERSION = YES;
				CLANG_WARN_DIRECT_OBJC_ISA_USAGE = YES_ERROR;
				CLANG_WARN_EMPTY_BODY = YES;
				CLANG_WARN_ENUM_CONVERSION = YES;
				CLANG_WARN_INT_CONVERSION = YES;
				CLANG_WARN_OBJC_ROOT_CLASS = YES_ERROR;
				CLANG_WARN_UNREACHABLE_CODE = YES;
				CLANG_WARN__DUPLICATE_METHOD_MATCH = YES;
				COPY_PHASE_STRIP = NO;
				DEBUG_INFORMATION_FORMAT = dwarf;
				ENABLE_STRICT_OBJC_MSGSEND = YES;
				ENABLE_TESTABILITY = YES;
				GCC_C_LANGUAGE_STANDARD = gnu99;
				GCC_DYNAMIC_NO_PIC = NO;
				GCC_NO_COMMON_BLOCKS = YES;
				GCC_OPTIMIZATION_LEVEL = 0;
				GCC_PREPROCESSOR_DEFINITIONS = (
					"DEBUG=1",
					"$(inherited)",
				);
				GCC_WARN_64_TO_32_BIT_CONVERSION = YES;
				GCC_WARN_ABOUT_RETURN_TYPE = YES_ERROR;
				GCC_WARN_UNDECLARED_SELECTOR = YES;
				GCC_WARN_UNINITIALIZED_AUTOS = YES_AGGRESSIVE;
				GCC_WARN_UNUSED_FUNCTION = YES;
				GCC_WARN_UNUSED_VARIABLE = YES;
				MACOSX_DEPLOYMENT_TARGET = 10.11;
				MTL_ENABLE_DEBUG_INFO = YES;
				ONLY_ACTIVE_ARCH = YES;
				SDKROOT = macosx;
				SWIFT_OPTIMIZATION_LEVEL = "-Onone";
			};
			name = Debug;
		};
		0BBE107D1BD0408B008B8E1C /* Release */ = {
			isa = XCBuildConfiguration;
			buildSettings = {
				ALWAYS_SEARCH_USER_PATHS = NO;
				CLANG_CXX_LANGUAGE_STANDARD = "gnu++0x";
				CLANG_CXX_LIBRARY = "libc++";
				CLANG_ENABLE_MODULES = YES;
				CLANG_ENABLE_OBJC_ARC = YES;
				CLANG_WARN_BOOL_CONVERSION = YES;
				CLANG_WARN_CONSTANT_CONVERSION = YES;
				CLANG_WARN_DIRECT_OBJC_ISA_USAGE = YES_ERROR;
				CLANG_WARN_EMPTY_BODY = YES;
				CLANG_WARN_ENUM_CONVERSION = YES;
				CLANG_WARN_INT_CONVERSION = YES;
				CLANG_WARN_OBJC_ROOT_CLASS = YES_ERROR;
				CLANG_WARN_UNREACHABLE_CODE = YES;
				CLANG_WARN__DUPLICATE_METHOD_MATCH = YES;
				COPY_PHASE_STRIP = NO;
				DEBUG_INFORMATION_FORMAT = "dwarf-with-dsym";
				ENABLE_NS_ASSERTIONS = NO;
				ENABLE_STRICT_OBJC_MSGSEND = YES;
				GCC_C_LANGUAGE_STANDARD = gnu99;
				GCC_NO_COMMON_BLOCKS = YES;
				GCC_WARN_64_TO_32_BIT_CONVERSION = YES;
				GCC_WARN_ABOUT_RETURN_TYPE = YES_ERROR;
				GCC_WARN_UNDECLARED_SELECTOR = YES;
				GCC_WARN_UNINITIALIZED_AUTOS = YES_AGGRESSIVE;
				GCC_WARN_UNUSED_FUNCTION = YES;
				GCC_WARN_UNUSED_VARIABLE = YES;
				MACOSX_DEPLOYMENT_TARGET = 10.11;
				MTL_ENABLE_DEBUG_INFO = NO;
				SDKROOT = macosx;
			};
			name = Release;
		};
		0BBE107F1BD0408B008B8E1C /* Debug */ = {
			isa = XCBuildConfiguration;
			buildSettings = {
				PRODUCT_NAME = "$(TARGET_NAME)";
			};
			name = Debug;
		};
		0BBE10801BD0408B008B8E1C /* Release */ = {
			isa = XCBuildConfiguration;
			buildSettings = {
				PRODUCT_NAME = "$(TARGET_NAME)";
			};
			name = Release;
		};
/* End XCBuildConfiguration section */

/* Begin XCConfigurationList section */
		0BBE10721BD0408B008B8E1C /* Build configuration list for PBXProject "NSDateOperatorOverloading" */ = {
			isa = XCConfigurationList;
			buildConfigurations = (
				0BBE107C1BD0408B008B8E1C /* Debug */,
				0BBE107D1BD0408B008B8E1C /* Release */,
			);
			defaultConfigurationIsVisible = 0;
			defaultConfigurationName = Release;
		};
		0BBE107E1BD0408B008B8E1C /* Build configuration list for PBXNativeTarget "NSDateOperatorOverloading" */ = {
			isa = XCConfigurationList;
			buildConfigurations = (
				0BBE107F1BD0408B008B8E1C /* Debug */,
				0BBE10801BD0408B008B8E1C /* Release */,
			);
			defaultConfigurationIsVisible = 0;
		};
/* End XCConfigurationList section */
	};
	rootObject = 0BBE106F1BD0408B008B8E1C /* Project object */;
}
