// !$*UTF8*$!
{
	archiveVersion = 1;
	classes = {
	};
	objectVersion = 46;
	objects = {

/* Begin PBXBuildFile section */
		0BFB18A01B9FD8160029E1E3 /* main.swift in Sources */ = {isa = PBXBuildFile; fileRef = 0BFB189F1B9FD8160029E1E3 /* main.swift */; };
		0BFB18A71B9FD8200029E1E3 /* Stack.swift in Sources */ = {isa = PBXBuildFile; fileRef = 0BFB18A61B9FD8200029E1E3 /* Stack.swift */; };
/* End PBXBuildFile section */

/* Begin PBXCopyFilesBuildPhase section */
		0BFB189A1B9FD8160029E1E3 /* CopyFiles */ = {
			isa = PBXCopyFilesBuildPhase;
			buildActionMask = 2147483647;
			dstPath = /usr/share/man/man1/;
			dstSubfolderSpec = 0;
			files = (
			);
			runOnlyForDeploymentPostprocessing = 1;
		};
/* End PBXCopyFilesBuildPhase section */

/* Begin PBXFileReference section */
		0BFB189C1B9FD8160029E1E3 /* GenericStack */ = {isa = PBXFileReference; explicitFileType = "compiled.mach-o.executable"; includeInIndex = 0; path = GenericStack; sourceTree = BUILT_PRODUCTS_DIR; };
		0BFB189F1B9FD8160029E1E3 /* main.swift */ = {isa = PBXFileReference; lastKnownFileType = sourcecode.swift; path = main.swift; sourceTree = "<group>"; };
		0BFB18A61B9FD8200029E1E3 /* Stack.swift */ = {isa = PBXFileReference; fileEncoding = 4; lastKnownFileType = sourcecode.swift; path = Stack.swift; sourceTree = "<group>"; };
/* End PBXFileReference section */

/* Begin PBXFrameworksBuildPhase section */
		0BFB18991B9FD8160029E1E3 /* Frameworks */ = {
			isa = PBXFrameworksBuildPhase;
			buildActionMask = 2147483647;
			files = (
			);
			runOnlyForDeploymentPostprocessing = 0;
		};
/* End PBXFrameworksBuildPhase section */

/* Begin PBXGroup section */
		0BFB18931B9FD8160029E1E3 = {
			isa = PBXGroup;
			children = (
				0BFB189E1B9FD8160029E1E3 /* GenericStack */,
				0BFB189D1B9FD8160029E1E3 /* Products */,
			);
			sourceTree = "<group>";
		};
		0BFB189D1B9FD8160029E1E3 /* Products */ = {
			isa = PBXGroup;
			children = (
				0BFB189C1B9FD8160029E1E3 /* GenericStack */,
			);
			name = Products;
			sourceTree = "<group>";
		};
		0BFB189E1B9FD8160029E1E3 /* GenericStack */ = {
			isa = PBXGroup;
			children = (
				0BFB189F1B9FD8160029E1E3 /* main.swift */,
				0BFB18A61B9FD8200029E1E3 /* Stack.swift */,
			);
			path = GenericStack;
			sourceTree = "<group>";
		};
/* End PBXGroup section */

/* Begin PBXNativeTarget section */
		0BFB189B1B9FD8160029E1E3 /* GenericStack */ = {
			isa = PBXNativeTarget;
			buildConfigurationList = 0BFB18A31B9FD8160029E1E3 /* Build configuration list for PBXNativeTarget "GenericStack" */;
			buildPhases = (
				0BFB18981B9FD8160029E1E3 /* Sources */,
				0BFB18991B9FD8160029E1E3 /* Frameworks */,
				0BFB189A1B9FD8160029E1E3 /* CopyFiles */,
			);
			buildRules = (
			);
			dependencies = (
			);
			name = GenericStack;
			productName = GenericStack;
			productReference = 0BFB189C1B9FD8160029E1E3 /* GenericStack */;
			productType = "com.apple.product-type.tool";
		};
/* End PBXNativeTarget section */

/* Begin PBXProject section */
		0BFB18941B9FD8160029E1E3 /* Project object */ = {
			isa = PBXProject;
			attributes = {
				LastUpgradeCheck = 0640;
				ORGANIZATIONNAME = "Angel Ricardo";
				TargetAttributes = {
					0BFB189B1B9FD8160029E1E3 = {
						CreatedOnToolsVersion = 6.4;
					};
				};
			};
			buildConfigurationList = 0BFB18971B9FD8160029E1E3 /* Build configuration list for PBXProject "GenericStack" */;
			compatibilityVersion = "Xcode 3.2";
			developmentRegion = English;
			hasScannedForEncodings = 0;
			knownRegions = (
				en,
			);
			mainGroup = 0BFB18931B9FD8160029E1E3;
			productRefGroup = 0BFB189D1B9FD8160029E1E3 /* Products */;
			projectDirPath = "";
			projectRoot = "";
			targets = (
				0BFB189B1B9FD8160029E1E3 /* GenericStack */,
			);
		};
/* End PBXProject section */

/* Begin PBXSourcesBuildPhase section */
		0BFB18981B9FD8160029E1E3 /* Sources */ = {
			isa = PBXSourcesBuildPhase;
			buildActionMask = 2147483647;
			files = (
				0BFB18A71B9FD8200029E1E3 /* Stack.swift in Sources */,
				0BFB18A01B9FD8160029E1E3 /* main.swift in Sources */,
			);
			runOnlyForDeploymentPostprocessing = 0;
		};
/* End PBXSourcesBuildPhase section */

/* Begin XCBuildConfiguration section */
		0BFB18A11B9FD8160029E1E3 /* Debug */ = {
			isa = XCBuildConfiguration;
			buildSettings = {
				ALWAYS_SEARCH_USER_PATHS = NO;
				CLANG_CXX_LANGUAGE_STANDARD = "gnu++0x";
				CLANG_CXX_LIBRARY = "libc++";
				CLANG_ENABLE_MODULES = YES;
				CLANG_ENABLE_OBJC_ARC = YES;
				CLANG_WARN_BOOL_CONVERSION = YES;
				CLANG_WARN_CONSTANT_CONVERSION = YES;
				CLANG_WARN_DIRECT_OBJC_ISA_USAGE = YES_ERROR;
				CLANG_WARN_EMPTY_BODY = YES;
				CLANG_WARN_ENUM_CONVERSION = YES;
				CLANG_WARN_INT_CONVERSION = YES;
				CLANG_WARN_OBJC_ROOT_CLASS = YES_ERROR;
				CLANG_WARN_UNREACHABLE_CODE = YES;
				CLANG_WARN__DUPLICATE_METHOD_MATCH = YES;
				COPY_PHASE_STRIP = NO;
				DEBUG_INFORMATION_FORMAT = dwarf;
				ENABLE_STRICT_OBJC_MSGSEND = YES;
				GCC_C_LANGUAGE_STANDARD = gnu99;
				GCC_DYNAMIC_NO_PIC = NO;
				GCC_NO_COMMON_BLOCKS = YES;
				GCC_OPTIMIZATION_LEVEL = 0;
				GCC_PREPROCESSOR_DEFINITIONS = (
					"DEBUG=1",
					"$(inherited)",
				);
				GCC_SYMBOLS_PRIVATE_EXTERN = NO;
				GCC_WARN_64_TO_32_BIT_CONVERSION = YES;
				GCC_WARN_ABOUT_RETURN_TYPE = YES_ERROR;
				GCC_WARN_UNDECLARED_SELECTOR = YES;
				GCC_WARN_UNINITIALIZED_AUTOS = YES_AGGRESSIVE;
				GCC_WARN_UNUSED_FUNCTION = YES;
				GCC_WARN_UNUSED_VARIABLE = YES;
				MACOSX_DEPLOYMENT_TARGET = 10.10;
				MTL_ENABLE_DEBUG_INFO = YES;
				ONLY_ACTIVE_ARCH = YES;
				SDKROOT = macosx;
				SWIFT_OPTIMIZATION_LEVEL = "-Onone";
			};
			name = Debug;
		};
		0BFB18A21B9FD8160029E1E3 /* Release */ = {
			isa = XCBuildConfiguration;
			buildSettings = {
				ALWAYS_SEARCH_USER_PATHS = NO;
				CLANG_CXX_LANGUAGE_STANDARD = "gnu++0x";
				CLANG_CXX_LIBRARY = "libc++";
				CLANG_ENABLE_MODULES = YES;
				CLANG_ENABLE_OBJC_ARC = YES;
				CLANG_WARN_BOOL_CONVERSION = YES;
				CLANG_WARN_CONSTANT_CONVERSION = YES;
				CLANG_WARN_DIRECT_OBJC_ISA_USAGE = YES_ERROR;
				CLANG_WARN_EMPTY_BODY = YES;
				CLANG_WARN_ENUM_CONVERSION = YES;
				CLANG_WARN_INT_CONVERSION = YES;
				CLANG_WARN_OBJC_ROOT_CLASS = YES_ERROR;
				CLANG_WARN_UNREACHABLE_CODE = YES;
				CLANG_WARN__DUPLICATE_METHOD_MATCH = YES;
				COPY_PHASE_STRIP = NO;
				DEBUG_INFORMATION_FORMAT = "dwarf-with-dsym";
				ENABLE_NS_ASSERTIONS = NO;
				ENABLE_STRICT_OBJC_MSGSEND = YES;
				GCC_C_LANGUAGE_STANDARD = gnu99;
				GCC_NO_COMMON_BLOCKS = YES;
				GCC_WARN_64_TO_32_BIT_CONVERSION = YES;
				GCC_WARN_ABOUT_RETURN_TYPE = YES_ERROR;
				GCC_WARN_UNDECLARED_SELECTOR = YES;
				GCC_WARN_UNINITIALIZED_AUTOS = YES_AGGRESSIVE;
				GCC_WARN_UNUSED_FUNCTION = YES;
				GCC_WARN_UNUSED_VARIABLE = YES;
				MACOSX_DEPLOYMENT_TARGET = 10.10;
				MTL_ENABLE_DEBUG_INFO = NO;
				SDKROOT = macosx;
			};
			name = Release;
		};
		0BFB18A41B9FD8160029E1E3 /* Debug */ = {
			isa = XCBuildConfiguration;
			buildSettings = {
				PRODUCT_NAME = "$(TARGET_NAME)";
			};
			name = Debug;
		};
		0BFB18A51B9FD8160029E1E3 /* Release */ = {
			isa = XCBuildConfiguration;
			buildSettings = {
				PRODUCT_NAME = "$(TARGET_NAME)";
			};
			name = Release;
		};
/* End XCBuildConfiguration section */

/* Begin XCConfigurationList section */
		0BFB18971B9FD8160029E1E3 /* Build configuration list for PBXProject "GenericStack" */ = {
			isa = XCConfigurationList;
			buildConfigurations = (
				0BFB18A11B9FD8160029E1E3 /* Debug */,
				0BFB18A21B9FD8160029E1E3 /* Release */,
			);
			defaultConfigurationIsVisible = 0;
			defaultConfigurationName = Release;
		};
		0BFB18A31B9FD8160029E1E3 /* Build configuration list for PBXNativeTarget "GenericStack" */ = {
			isa = XCConfigurationList;
			buildConfigurations = (
				0BFB18A41B9FD8160029E1E3 /* Debug */,
				0BFB18A51B9FD8160029E1E3 /* Release */,
			);
			defaultConfigurationIsVisible = 0;
		};
/* End XCConfigurationList section */
	};
	rootObject = 0BFB18941B9FD8160029E1E3 /* Project object */;
}
